// !$*UTF8*$!
{
	archiveVersion = 1;
	classes = {
	};
	objectVersion = 56;
	objects = {

/* Begin PBXBuildFile section */
		A62C3FFB2AB1DC6D00F9436C /* AppDelegate.swift in Sources */ = {isa = PBXBuildFile; fileRef = A62C3FFA2AB1DC6D00F9436C /* AppDelegate.swift */; };
		A62C3FFD2AB1DC6D00F9436C /* SceneDelegate.swift in Sources */ = {isa = PBXBuildFile; fileRef = A62C3FFC2AB1DC6D00F9436C /* SceneDelegate.swift */; };
		A62C3FFF2AB1DC6D00F9436C /* PreLoginPage.swift in Sources */ = {isa = PBXBuildFile; fileRef = A62C3FFE2AB1DC6D00F9436C /* PreLoginPage.swift */; };
		A62C40022AB1DC6D00F9436C /* Main.storyboard in Resources */ = {isa = PBXBuildFile; fileRef = A62C40002AB1DC6D00F9436C /* Main.storyboard */; };
		A62C40042AB1DC6E00F9436C /* Assets.xcassets in Resources */ = {isa = PBXBuildFile; fileRef = A62C40032AB1DC6E00F9436C /* Assets.xcassets */; };
		A62C40072AB1DC6E00F9436C /* LaunchScreen.storyboard in Resources */ = {isa = PBXBuildFile; fileRef = A62C40052AB1DC6E00F9436C /* LaunchScreen.storyboard */; };
		A62C40172AB2C80500F9436C /* CountryPage.swift in Sources */ = {isa = PBXBuildFile; fileRef = A62C40162AB2C80500F9436C /* CountryPage.swift */; };
		A62C40292AB2D3D900F9436C /* CountrySelection.swift in Sources */ = {isa = PBXBuildFile; fileRef = A62C40272AB2D3D900F9436C /* CountrySelection.swift */; };
		A62C402A2AB2D3D900F9436C /* CountrySelection.xib in Resources */ = {isa = PBXBuildFile; fileRef = A62C40282AB2D3D900F9436C /* CountrySelection.xib */; };
		A6368DFB2AB4623200287F4A /* Localizable.strings in Resources */ = {isa = PBXBuildFile; fileRef = A6368DFD2AB4623200287F4A /* Localizable.strings */; };
		A6368E002AB4640200287F4A /* String.swift in Sources */ = {isa = PBXBuildFile; fileRef = A6368DFF2AB4640200287F4A /* String.swift */; };
/* End PBXBuildFile section */

/* Begin PBXFileReference section */
		A62C3FF72AB1DC6D00F9436C /* ArabiMobile.app */ = {isa = PBXFileReference; explicitFileType = wrapper.application; includeInIndex = 0; path = ArabiMobile.app; sourceTree = BUILT_PRODUCTS_DIR; };
		A62C3FFA2AB1DC6D00F9436C /* AppDelegate.swift */ = {isa = PBXFileReference; lastKnownFileType = sourcecode.swift; path = AppDelegate.swift; sourceTree = "<group>"; };
		A62C3FFC2AB1DC6D00F9436C /* SceneDelegate.swift */ = {isa = PBXFileReference; lastKnownFileType = sourcecode.swift; path = SceneDelegate.swift; sourceTree = "<group>"; };
		A62C3FFE2AB1DC6D00F9436C /* PreLoginPage.swift */ = {isa = PBXFileReference; lastKnownFileType = sourcecode.swift; path = PreLoginPage.swift; sourceTree = "<group>"; };
		A62C40012AB1DC6D00F9436C /* Base */ = {isa = PBXFileReference; lastKnownFileType = file.storyboard; name = Base; path = Base.lproj/Main.storyboard; sourceTree = "<group>"; };
		A62C40032AB1DC6E00F9436C /* Assets.xcassets */ = {isa = PBXFileReference; lastKnownFileType = folder.assetcatalog; path = Assets.xcassets; sourceTree = "<group>"; };
		A62C40062AB1DC6E00F9436C /* Base */ = {isa = PBXFileReference; lastKnownFileType = file.storyboard; name = Base; path = Base.lproj/LaunchScreen.storyboard; sourceTree = "<group>"; };
		A62C40082AB1DC6E00F9436C /* Info.plist */ = {isa = PBXFileReference; lastKnownFileType = text.plist.xml; path = Info.plist; sourceTree = "<group>"; };
		A62C40162AB2C80500F9436C /* CountryPage.swift */ = {isa = PBXFileReference; lastKnownFileType = sourcecode.swift; path = CountryPage.swift; sourceTree = "<group>"; };
		A62C40272AB2D3D900F9436C /* CountrySelection.swift */ = {isa = PBXFileReference; lastKnownFileType = sourcecode.swift; path = CountrySelection.swift; sourceTree = "<group>"; };
		A62C40282AB2D3D900F9436C /* CountrySelection.xib */ = {isa = PBXFileReference; lastKnownFileType = file.xib; path = CountrySelection.xib; sourceTree = "<group>"; };
		A6368DFC2AB4623200287F4A /* en */ = {isa = PBXFileReference; lastKnownFileType = text.plist.strings; name = en; path = en.lproj/Localizable.strings; sourceTree = "<group>"; };
		A6368DFE2AB4623D00287F4A /* ar */ = {isa = PBXFileReference; lastKnownFileType = text.plist.strings; name = ar; path = ar.lproj/Localizable.strings; sourceTree = "<group>"; };
		A6368DFF2AB4640200287F4A /* String.swift */ = {isa = PBXFileReference; lastKnownFileType = sourcecode.swift; path = String.swift; sourceTree = "<group>"; };
		A6368E022AB473AD00287F4A /* en */ = {isa = PBXFileReference; lastKnownFileType = text.plist.strings; name = en; path = en.lproj/Main.strings; sourceTree = "<group>"; };
		A6368E042AB473AE00287F4A /* ar */ = {isa = PBXFileReference; lastKnownFileType = text.plist.strings; name = ar; path = ar.lproj/Main.strings; sourceTree = "<group>"; };
/* End PBXFileReference section */

/* Begin PBXFrameworksBuildPhase section */
		A62C3FF42AB1DC6D00F9436C /* Frameworks */ = {
			isa = PBXFrameworksBuildPhase;
			buildActionMask = 2147483647;
			files = (
			);
			runOnlyForDeploymentPostprocessing = 0;
		};
/* End PBXFrameworksBuildPhase section */

/* Begin PBXGroup section */
		A62C3FEE2AB1DC6D00F9436C = {
			isa = PBXGroup;
			children = (
				A62C3FF92AB1DC6D00F9436C /* ArabiMobile */,
				A62C3FF82AB1DC6D00F9436C /* Products */,
			);
			sourceTree = "<group>";
		};
		A62C3FF82AB1DC6D00F9436C /* Products */ = {
			isa = PBXGroup;
			children = (
				A62C3FF72AB1DC6D00F9436C /* ArabiMobile.app */,
			);
			name = Products;
			sourceTree = "<group>";
		};
		A62C3FF92AB1DC6D00F9436C /* ArabiMobile */ = {
			isa = PBXGroup;
			children = (
				A62C3FFA2AB1DC6D00F9436C /* AppDelegate.swift */,
				A62C3FFC2AB1DC6D00F9436C /* SceneDelegate.swift */,
				A62C3FFE2AB1DC6D00F9436C /* PreLoginPage.swift */,
				A62C40002AB1DC6D00F9436C /* Main.storyboard */,
				A62C40032AB1DC6E00F9436C /* Assets.xcassets */,
				A62C40052AB1DC6E00F9436C /* LaunchScreen.storyboard */,
				A62C40082AB1DC6E00F9436C /* Info.plist */,
				A6D43DDD2AB2E49C00AFFD2D /* Country */,
			);
			path = ArabiMobile;
			sourceTree = "<group>";
		};
		A6368DF62AB45F0600287F4A /* Localisation */ = {
			isa = PBXGroup;
			children = (
				A6368DFF2AB4640200287F4A /* String.swift */,
				A6368DFD2AB4623200287F4A /* Localizable.strings */,
			);
			path = Localisation;
			sourceTree = "<group>";
		};
		A6D43DDD2AB2E49C00AFFD2D /* Country */ = {
			isa = PBXGroup;
			children = (
				A62C40162AB2C80500F9436C /* CountryPage.swift */,
				A62C40272AB2D3D900F9436C /* CountrySelection.swift */,
				A62C40282AB2D3D900F9436C /* CountrySelection.xib */,
				A6368DF62AB45F0600287F4A /* Localisation */,
			);
			path = Country;
			sourceTree = "<group>";
		};
/* End PBXGroup section */

/* Begin PBXNativeTarget section */
		A62C3FF62AB1DC6D00F9436C /* ArabiMobile */ = {
			isa = PBXNativeTarget;
			buildConfigurationList = A62C400B2AB1DC6E00F9436C /* Build configuration list for PBXNativeTarget "ArabiMobile" */;
			buildPhases = (
				A62C3FF32AB1DC6D00F9436C /* Sources */,
				A62C3FF42AB1DC6D00F9436C /* Frameworks */,
				A62C3FF52AB1DC6D00F9436C /* Resources */,
			);
			buildRules = (
			);
			dependencies = (
			);
			name = ArabiMobile;
			productName = ArabiMobile;
			productReference = A62C3FF72AB1DC6D00F9436C /* ArabiMobile.app */;
			productType = "com.apple.product-type.application";
		};
/* End PBXNativeTarget section */

/* Begin PBXProject section */
		A62C3FEF2AB1DC6D00F9436C /* Project object */ = {
			isa = PBXProject;
			attributes = {
				BuildIndependentTargetsInParallel = 1;
				LastSwiftUpdateCheck = 1430;
				LastUpgradeCheck = 1430;
				TargetAttributes = {
					A62C3FF62AB1DC6D00F9436C = {
						CreatedOnToolsVersion = 14.3.1;
					};
				};
			};
			buildConfigurationList = A62C3FF22AB1DC6D00F9436C /* Build configuration list for PBXProject "ArabiMobile" */;
			compatibilityVersion = "Xcode 14.0";
			developmentRegion = en;
			hasScannedForEncodings = 0;
			knownRegions = (
				en,
				Base,
				ar,
			);
			mainGroup = A62C3FEE2AB1DC6D00F9436C;
			productRefGroup = A62C3FF82AB1DC6D00F9436C /* Products */;
			projectDirPath = "";
			projectRoot = "";
			targets = (
				A62C3FF62AB1DC6D00F9436C /* ArabiMobile */,
			);
		};
/* End PBXProject section */

/* Begin PBXResourcesBuildPhase section */
		A62C3FF52AB1DC6D00F9436C /* Resources */ = {
			isa = PBXResourcesBuildPhase;
			buildActionMask = 2147483647;
			files = (
				A6368DFB2AB4623200287F4A /* Localizable.strings in Resources */,
				A62C40072AB1DC6E00F9436C /* LaunchScreen.storyboard in Resources */,
				A62C40042AB1DC6E00F9436C /* Assets.xcassets in Resources */,
				A62C402A2AB2D3D900F9436C /* CountrySelection.xib in Resources */,
				A62C40022AB1DC6D00F9436C /* Main.storyboard in Resources */,
			);
			runOnlyForDeploymentPostprocessing = 0;
		};
/* End PBXResourcesBuildPhase section */

/* Begin PBXSourcesBuildPhase section */
		A62C3FF32AB1DC6D00F9436C /* Sources */ = {
			isa = PBXSourcesBuildPhase;
			buildActionMask = 2147483647;
			files = (
				A6368E002AB4640200287F4A /* String.swift in Sources */,
				A62C40172AB2C80500F9436C /* CountryPage.swift in Sources */,
				A62C3FFF2AB1DC6D00F9436C /* PreLoginPage.swift in Sources */,
				A62C3FFB2AB1DC6D00F9436C /* AppDelegate.swift in Sources */,
				A62C40292AB2D3D900F9436C /* CountrySelection.swift in Sources */,
				A62C3FFD2AB1DC6D00F9436C /* SceneDelegate.swift in Sources */,
			);
			runOnlyForDeploymentPostprocessing = 0;
		};
/* End PBXSourcesBuildPhase section */

/* Begin PBXVariantGroup section */
		A62C40002AB1DC6D00F9436C /* Main.storyboard */ = {
			isa = PBXVariantGroup;
			children = (
				A62C40012AB1DC6D00F9436C /* Base */,
				A6368E022AB473AD00287F4A /* en */,
				A6368E042AB473AE00287F4A /* ar */,
			);
			name = Main.storyboard;
			sourceTree = "<group>";
		};
		A62C40052AB1DC6E00F9436C /* LaunchScreen.storyboard */ = {
			isa = PBXVariantGroup;
			children = (
				A62C40062AB1DC6E00F9436C /* Base */,
			);
			name = LaunchScreen.storyboard;
			sourceTree = "<group>";
		};
		A6368DFD2AB4623200287F4A /* Localizable.strings */ = {
			isa = PBXVariantGroup;
			children = (
				A6368DFC2AB4623200287F4A /* en */,
				A6368DFE2AB4623D00287F4A /* ar */,
			);
			name = Localizable.strings;
			sourceTree = "<group>";
		};
/* End PBXVariantGroup section */

/* Begin XCBuildConfiguration section */
		A62C40092AB1DC6E00F9436C /* Debug */ = {
			isa = XCBuildConfiguration;
			buildSettings = {
				ALWAYS_SEARCH_USER_PATHS = NO;
				CLANG_ANALYZER_LOCALIZABILITY_NONLOCALIZED = YES;
				CLANG_ANALYZER_NONNULL = YES;
				CLANG_ANALYZER_NUMBER_OBJECT_CONVERSION = YES_AGGRESSIVE;
				CLANG_CXX_LANGUAGE_STANDARD = "gnu++20";
				CLANG_ENABLE_MODULES = YES;
				CLANG_ENABLE_OBJC_ARC = YES;
				CLANG_ENABLE_OBJC_WEAK = YES;
				CLANG_WARN_BLOCK_CAPTURE_AUTORELEASING = YES;
				CLANG_WARN_BOOL_CONVERSION = YES;
				CLANG_WARN_COMMA = YES;
				CLANG_WARN_CONSTANT_CONVERSION = YES;
				CLANG_WARN_DEPRECATED_OBJC_IMPLEMENTATIONS = YES;
				CLANG_WARN_DIRECT_OBJC_ISA_USAGE = YES_ERROR;
				CLANG_WARN_DOCUMENTATION_COMMENTS = YES;
				CLANG_WARN_EMPTY_BODY = YES;
				CLANG_WARN_ENUM_CONVERSION = YES;
				CLANG_WARN_INFINITE_RECURSION = YES;
				CLANG_WARN_INT_CONVERSION = YES;
				CLANG_WARN_NON_LITERAL_NULL_CONVERSION = YES;
				CLANG_WARN_OBJC_IMPLICIT_RETAIN_SELF = YES;
				CLANG_WARN_OBJC_LITERAL_CONVERSION = YES;
				CLANG_WARN_OBJC_ROOT_CLASS = YES_ERROR;
				CLANG_WARN_QUOTED_INCLUDE_IN_FRAMEWORK_HEADER = YES;
				CLANG_WARN_RANGE_LOOP_ANALYSIS = YES;
				CLANG_WARN_STRICT_PROTOTYPES = YES;
				CLANG_WARN_SUSPICIOUS_MOVE = YES;
				CLANG_WARN_UNGUARDED_AVAILABILITY = YES_AGGRESSIVE;
				CLANG_WARN_UNREACHABLE_CODE = YES;
				CLANG_WARN__DUPLICATE_METHOD_MATCH = YES;
				COPY_PHASE_STRIP = NO;
				DEBUG_INFORMATION_FORMAT = dwarf;
				ENABLE_STRICT_OBJC_MSGSEND = YES;
				ENABLE_TESTABILITY = YES;
				GCC_C_LANGUAGE_STANDARD = gnu11;
				GCC_DYNAMIC_NO_PIC = NO;
				GCC_NO_COMMON_BLOCKS = YES;
				GCC_OPTIMIZATION_LEVEL = 0;
				GCC_PREPROCESSOR_DEFINITIONS = (
					"DEBUG=1",
					"$(inherited)",
				);
				GCC_WARN_64_TO_32_BIT_CONVERSION = YES;
				GCC_WARN_ABOUT_RETURN_TYPE = YES_ERROR;
				GCC_WARN_UNDECLARED_SELECTOR = YES;
				GCC_WARN_UNINITIALIZED_AUTOS = YES_AGGRESSIVE;
				GCC_WARN_UNUSED_FUNCTION = YES;
				GCC_WARN_UNUSED_VARIABLE = YES;
				IPHONEOS_DEPLOYMENT_TARGET = 16.4;
				MTL_ENABLE_DEBUG_INFO = INCLUDE_SOURCE;
				MTL_FAST_MATH = YES;
				ONLY_ACTIVE_ARCH = YES;
				SDKROOT = iphoneos;
				SWIFT_ACTIVE_COMPILATION_CONDITIONS = DEBUG;
				SWIFT_OPTIMIZATION_LEVEL = "-Onone";
			};
			name = Debug;
		};
		A62C400A2AB1DC6E00F9436C /* Release */ = {
			isa = XCBuildConfiguration;
			buildSettings = {
				ALWAYS_SEARCH_USER_PATHS = NO;
				CLANG_ANALYZER_LOCALIZABILITY_NONLOCALIZED = YES;
				CLANG_ANALYZER_NONNULL = YES;
				CLANG_ANALYZER_NUMBER_OBJECT_CONVERSION = YES_AGGRESSIVE;
				CLANG_CXX_LANGUAGE_STANDARD = "gnu++20";
				CLANG_ENABLE_MODULES = YES;
				CLANG_ENABLE_OBJC_ARC = YES;
				CLANG_ENABLE_OBJC_WEAK = YES;
				CLANG_WARN_BLOCK_CAPTURE_AUTORELEASING = YES;
				CLANG_WARN_BOOL_CONVERSION = YES;
				CLANG_WARN_COMMA = YES;
				CLANG_WARN_CONSTANT_CONVERSION = YES;
				CLANG_WARN_DEPRECATED_OBJC_IMPLEMENTATIONS = YES;
				CLANG_WARN_DIRECT_OBJC_ISA_USAGE = YES_ERROR;
				CLANG_WARN_DOCUMENTATION_COMMENTS = YES;
				CLANG_WARN_EMPTY_BODY = YES;
				CLANG_WARN_ENUM_CONVERSION = YES;
				CLANG_WARN_INFINITE_RECURSION = YES;
				CLANG_WARN_INT_CONVERSION = YES;
				CLANG_WARN_NON_LITERAL_NULL_CONVERSION = YES;
				CLANG_WARN_OBJC_IMPLICIT_RETAIN_SELF = YES;
				CLANG_WARN_OBJC_LITERAL_CONVERSION = YES;
				CLANG_WARN_OBJC_ROOT_CLASS = YES_ERROR;
				CLANG_WARN_QUOTED_INCLUDE_IN_FRAMEWORK_HEADER = YES;
				CLANG_WARN_RANGE_LOOP_ANALYSIS = YES;
				CLANG_WARN_STRICT_PROTOTYPES = YES;
				CLANG_WARN_SUSPICIOUS_MOVE = YES;
				CLANG_WARN_UNGUARDED_AVAILABILITY = YES_AGGRESSIVE;
				CLANG_WARN_UNREACHABLE_CODE = YES;
				CLANG_WARN__DUPLICATE_METHOD_MATCH = YES;
				COPY_PHASE_STRIP = NO;
				DEBUG_INFORMATION_FORMAT = "dwarf-with-dsym";
				ENABLE_NS_ASSERTIONS = NO;
				ENABLE_STRICT_OBJC_MSGSEND = YES;
				GCC_C_LANGUAGE_STANDARD = gnu11;
				GCC_NO_COMMON_BLOCKS = YES;
				GCC_WARN_64_TO_32_BIT_CONVERSION = YES;
				GCC_WARN_ABOUT_RETURN_TYPE = YES_ERROR;
				GCC_WARN_UNDECLARED_SELECTOR = YES;
				GCC_WARN_UNINITIALIZED_AUTOS = YES_AGGRESSIVE;
				GCC_WARN_UNUSED_FUNCTION = YES;
				GCC_WARN_UNUSED_VARIABLE = YES;
				IPHONEOS_DEPLOYMENT_TARGET = 16.4;
				MTL_ENABLE_DEBUG_INFO = NO;
				MTL_FAST_MATH = YES;
				SDKROOT = iphoneos;
				SWIFT_COMPILATION_MODE = wholemodule;
				SWIFT_OPTIMIZATION_LEVEL = "-O";
				VALIDATE_PRODUCT = YES;
			};
			name = Release;
		};
		A62C400C2AB1DC6E00F9436C /* Debug */ = {
			isa = XCBuildConfiguration;
			buildSettings = {
				ASSETCATALOG_COMPILER_APPICON_NAME = AppIcon;
				ASSETCATALOG_COMPILER_GLOBAL_ACCENT_COLOR_NAME = AccentColor;
				CODE_SIGN_STYLE = Automatic;
				CURRENT_PROJECT_VERSION = 1;
				GENERATE_INFOPLIST_FILE = YES;
				INFOPLIST_FILE = ArabiMobile/Info.plist;
				INFOPLIST_KEY_UIApplicationSupportsIndirectInputEvents = YES;
				INFOPLIST_KEY_UILaunchStoryboardName = LaunchScreen;
				INFOPLIST_KEY_UIMainStoryboardFile = Main;
				INFOPLIST_KEY_UISupportedInterfaceOrientations_iPad = "UIInterfaceOrientationPortrait UIInterfaceOrientationPortraitUpsideDown UIInterfaceOrientationLandscapeLeft UIInterfaceOrientationLandscapeRight";
				INFOPLIST_KEY_UISupportedInterfaceOrientations_iPhone = "UIInterfaceOrientationPortrait UIInterfaceOrientationLandscapeLeft UIInterfaceOrientationLandscapeRight";
				LD_RUNPATH_SEARCH_PATHS = (
					"$(inherited)",
					"@executable_path/Frameworks",
				);
				MARKETING_VERSION = 1.0;
				PRODUCT_BUNDLE_IDENTIFIER = neeraja.ArabiMobile;
				PRODUCT_NAME = "$(TARGET_NAME)";
				SWIFT_EMIT_LOC_STRINGS = YES;
				SWIFT_VERSION = 5.0;
				TARGETED_DEVICE_FAMILY = "1,2";
			};
			name = Debug;
		};
		A62C400D2AB1DC6E00F9436C /* Release */ = {
			isa = XCBuildConfiguration;
			buildSettings = {
				ASSETCATALOG_COMPILER_APPICON_NAME = AppIcon;
				ASSETCATALOG_COMPILER_GLOBAL_ACCENT_COLOR_NAME = AccentColor;
				CODE_SIGN_STYLE = Automatic;
				CURRENT_PROJECT_VERSION = 1;
				GENERATE_INFOPLIST_FILE = YES;
				INFOPLIST_FILE = ArabiMobile/Info.plist;
				INFOPLIST_KEY_UIApplicationSupportsIndirectInputEvents = YES;
				INFOPLIST_KEY_UILaunchStoryboardName = LaunchScreen;
				INFOPLIST_KEY_UIMainStoryboardFile = Main;
				INFOPLIST_KEY_UISupportedInterfaceOrientations_iPad = "UIInterfaceOrientationPortrait UIInterfaceOrientationPortraitUpsideDown UIInterfaceOrientationLandscapeLeft UIInterfaceOrientationLandscapeRight";
				INFOPLIST_KEY_UISupportedInterfaceOrientations_iPhone = "UIInterfaceOrientationPortrait UIInterfaceOrientationLandscapeLeft UIInterfaceOrientationLandscapeRight";
				LD_RUNPATH_SEARCH_PATHS = (
					"$(inherited)",
					"@executable_path/Frameworks",
				);
				MARKETING_VERSION = 1.0;
				PRODUCT_BUNDLE_IDENTIFIER = neeraja.ArabiMobile;
				PRODUCT_NAME = "$(TARGET_NAME)";
				SWIFT_EMIT_LOC_STRINGS = YES;
				SWIFT_VERSION = 5.0;
				TARGETED_DEVICE_FAMILY = "1,2";
			};
			name = Release;
		};
/* End XCBuildConfiguration section */

/* Begin XCConfigurationList section */
		A62C3FF22AB1DC6D00F9436C /* Build configuration list for PBXProject "ArabiMobile" */ = {
			isa = XCConfigurationList;
			buildConfigurations = (
				A62C40092AB1DC6E00F9436C /* Debug */,
				A62C400A2AB1DC6E00F9436C /* Release */,
			);
			defaultConfigurationIsVisible = 0;
			defaultConfigurationName = Release;
		};
		A62C400B2AB1DC6E00F9436C /* Build configuration list for PBXNativeTarget "ArabiMobile" */ = {
			isa = XCConfigurationList;
			buildConfigurations = (
				A62C400C2AB1DC6E00F9436C /* Debug */,
				A62C400D2AB1DC6E00F9436C /* Release */,
			);
			defaultConfigurationIsVisible = 0;
			defaultConfigurationName = Release;
		};
/* End XCConfigurationList section */
	};
	rootObject = A62C3FEF2AB1DC6D00F9436C /* Project object */;
}
